Microsoft Visual Studio Solution File, Format Version 7.00
Project("{8BC9CEB8-8B4A-11D0-8D11-00A0C91BC942}") = "NovacProgram", "NovacMasterProgram.vcproj", "{376B3B71-E83D-4166-AD27-7114BEBE8335}"
EndProject
Global
	GlobalSection(SolutionConfiguration) = preSolution
		ConfigName.0 = Debug
		ConfigName.1 = Release
	EndGlobalSection
	GlobalSection(ProjectDependencies) = postSolution
	EndGlobalSection
	GlobalSection(ProjectConfiguration) = postSolution
		{376B3B71-E83D-4166-AD27-7114BEBE8335}.Debug.ActiveCfg = Debug|Win32
		{376B3B71-E83D-4166-AD27-7114BEBE8335}.Debug.Build.0 = Debug|Win32
		{376B3B71-E83D-4166-AD27-7114BEBE8335}.Release.ActiveCfg = Release|Win32
		{376B3B71-E83D-4166-AD27-7114BEBE8335}.Release.Build.0 = Release|Win32
	EndGlobalSection
	GlobalSection(ExtensibilityGlobals) = postSolution
	EndGlobalSection
	GlobalSection(ExtensibilityAddIns) = postSolution
	EndGlobalSection
EndGlobal
