<?xml version="1.0" encoding="utf-8"?>
<Project ToolsVersion="4.0" xmlns="http://schemas.microsoft.com/developer/msbuild/2003">
  <ItemGroup>
    <Filter Include="Source Files">
      <UniqueIdentifier>{06e453a3-1b73-4edb-ae7b-ad9541ba1234}</UniqueIdentifier>
      <Extensions>cpp;c;cxx;def;odl;idl;hpj;bat;asm</Extensions>
    </Filter>
    <Filter Include="Source Files\Common">
      <UniqueIdentifier>{bf891fcf-ab38-403c-81a1-c4a88345b35b}</UniqueIdentifier>
    </Filter>
    <Filter Include="Source Files\Common\Spectra">
      <UniqueIdentifier>{7b592c2a-fc42-4c37-99a3-82d5e9cbff4f}</UniqueIdentifier>
    </Filter>
    <Filter Include="Source Files\PostFlux">
      <UniqueIdentifier>{4a2d4962-9b27-4202-9a71-c4c6be5e8ab4}</UniqueIdentifier>
    </Filter>
    <Filter Include="Source Files\Configuration">
      <UniqueIdentifier>{7e6f37e1-a2bc-4c9b-b0f8-dc3bc3b5be6a}</UniqueIdentifier>
    </Filter>
    <Filter Include="Source Files\DlgControls">
      <UniqueIdentifier>{6d4c8dfe-3bdb-47e7-a0ab-9e2b8a960f52}</UniqueIdentifier>
    </Filter>
    <Filter Include="Source Files\DlgControls\GridCtrl">
      <UniqueIdentifier>{4d439ca3-d7cc-475a-8a88-ec2d0db69da0}</UniqueIdentifier>
    </Filter>
    <Filter Include="Source Files\Communication">
      <UniqueIdentifier>{60bf35ea-6946-4442-8f5c-c547d754ce79}</UniqueIdentifier>
    </Filter>
    <Filter Include="Source Files\Dialogs">
      <UniqueIdentifier>{f0900717-7a3e-4a48-8e86-17d43e8d8602}</UniqueIdentifier>
    </Filter>
    <Filter Include="Source Files\ReEvaluation">
      <UniqueIdentifier>{33577c37-3303-45c5-8371-af15c0a1f026}</UniqueIdentifier>
    </Filter>
    <Filter Include="Source Files\Wind">
      <UniqueIdentifier>{a13be4f5-abba-486f-903a-c5925bf90695}</UniqueIdentifier>
    </Filter>
    <Filter Include="Source Files\Graphs">
      <UniqueIdentifier>{999db3f6-48aa-4ab6-8acd-07a482f81142}</UniqueIdentifier>
    </Filter>
    <Filter Include="Header Files">
      <UniqueIdentifier>{760f1fb5-6ab7-41bc-bcd9-3b9e461f3d4d}</UniqueIdentifier>
      <Extensions>h;hpp;hxx;hm;inl;inc</Extensions>
    </Filter>
    <Filter Include="Header Files\Common">
      <UniqueIdentifier>{ac9b4c9c-d4c1-4c96-9433-dcfce3086bbf}</UniqueIdentifier>
    </Filter>
    <Filter Include="Header Files\Common\Spectra">
      <UniqueIdentifier>{a03f0946-068b-4da1-8fc2-b246bd0b5c26}</UniqueIdentifier>
    </Filter>
    <Filter Include="Header Files\Evaluation">
      <UniqueIdentifier>{8d0a6c8f-4199-4c8b-a72b-ca9b57aee1a6}</UniqueIdentifier>
    </Filter>
    <Filter Include="Header Files\Configuration">
      <UniqueIdentifier>{d2fc9643-2ff4-41f8-9936-e4971f4a5cec}</UniqueIdentifier>
    </Filter>
    <Filter Include="Header Files\DlgControls">
      <UniqueIdentifier>{e2fcdbc5-b95b-45ad-bd36-faec63d26201}</UniqueIdentifier>
    </Filter>
    <Filter Include="Header Files\DlgControls\GridCtrl">
      <UniqueIdentifier>{5cb695c1-169e-4115-a776-eb477dfdcd99}</UniqueIdentifier>
    </Filter>
    <Filter Include="Header Files\Communication">
      <UniqueIdentifier>{8c6e7327-0309-4d33-a0ea-4f9b652e6127}</UniqueIdentifier>
    </Filter>
    <Filter Include="Header Files\Dialogs">
      <UniqueIdentifier>{c98b7fa9-17cb-40a5-9f96-832e8413a2ab}</UniqueIdentifier>
    </Filter>
    <Filter Include="Header Files\PostFlux">
      <UniqueIdentifier>{27ed5a9a-3376-44fe-ab24-b56c439e2cae}</UniqueIdentifier>
    </Filter>
    <Filter Include="Header Files\ReEvaluation">
      <UniqueIdentifier>{85fbc846-0c6d-4728-8c80-8c94550aa3fa}</UniqueIdentifier>
    </Filter>
    <Filter Include="Header Files\Wind">
      <UniqueIdentifier>{8f452649-c12e-423c-875c-48e62e046b82}</UniqueIdentifier>
    </Filter>
    <Filter Include="Header Files\Graphs">
      <UniqueIdentifier>{9b2e0b8d-ee95-4577-9a85-94f6ff2bcb02}</UniqueIdentifier>
    </Filter>
    <Filter Include="Resource Files">
      <UniqueIdentifier>{f3d188da-b15b-4a78-a521-8f70339c6d93}</UniqueIdentifier>
      <Extensions>rc;ico;cur;bmp;dlg;rc2;rct;bin;rgs;jpg;jpeg;jpe;manifest</Extensions>
    </Filter>
    <Filter Include="Header Files\SpectralEvaluation">
      <UniqueIdentifier>{deb8f7f3-d442-42df-bfce-b395651ec895}</UniqueIdentifier>
    </Filter>
    <Filter Include="Header Files\SpectralEvaluation\Fit">
      <UniqueIdentifier>{65de0c42-58c6-45e4-bd25-37435fad3831}</UniqueIdentifier>
    </Filter>
    <Filter Include="Source Files\SpectralEvaluation">
      <UniqueIdentifier>{d3c0217b-0547-49c6-a49c-dc0f3970c3f0}</UniqueIdentifier>
    </Filter>
    <Filter Include="Source Files\SpectralEvaluation\Fit">
      <UniqueIdentifier>{f9939c1b-4ecb-4204-adb4-e8c219289323}</UniqueIdentifier>
    </Filter>
    <Filter Include="Header Files\SpectralEvaluation\Evaluation">
      <UniqueIdentifier>{25ed61be-87c2-41b4-9e7c-4a35992610ee}</UniqueIdentifier>
    </Filter>
    <Filter Include="Source Files\SpectralEvaluation\Evaluation">
      <UniqueIdentifier>{4e500692-1d4d-4797-bd12-242351c8c05c}</UniqueIdentifier>
    </Filter>
    <Filter Include="Source Files\SpectralEvaluation\Spectra">
      <UniqueIdentifier>{996a8f38-112a-423a-8118-7012eaf30715}</UniqueIdentifier>
    </Filter>
    <Filter Include="Header Files\SpectralEvaluation\Spectra">
      <UniqueIdentifier>{ae975ed8-25e4-4d5d-b98a-3933d282a32d}</UniqueIdentifier>
    </Filter>
    <Filter Include="Header Files\SpectralEvaluation\Flux">
      <UniqueIdentifier>{05fb6f89-8ca1-4dcd-aaa6-72d399a2ea0b}</UniqueIdentifier>
    </Filter>
    <Filter Include="Source Files\Common\Flux">
      <UniqueIdentifier>{6a57bac3-4a11-4286-8f8b-e2c7f52ab4bc}</UniqueIdentifier>
    </Filter>
    <Filter Include="Header Files\File">
      <UniqueIdentifier>{4bc69b9e-f4f8-4239-841a-6d2d325d7f02}</UniqueIdentifier>
    </Filter>
    <Filter Include="Source Files\File">
      <UniqueIdentifier>{c22f9d83-a714-4b02-8a87-3a833b589d91}</UniqueIdentifier>
    </Filter>
    <Filter Include="Header Files\Meteorology">
      <UniqueIdentifier>{a6a94407-328f-458d-98c6-49261ff1dda6}</UniqueIdentifier>
    </Filter>
    <Filter Include="Source Files\Meteorology">
      <UniqueIdentifier>{f84a7f7f-56bf-4eef-80ee-166f4b08f303}</UniqueIdentifier>
    </Filter>
    <Filter Include="Source Files\SpectralEvaluation\Calibration">
      <UniqueIdentifier>{f7eb63f1-a436-4f2f-9f3d-29faf891628a}</UniqueIdentifier>
    </Filter>
    <Filter Include="Source Files\SpectralEvaluation\Math">
      <UniqueIdentifier>{e35817e8-3098-43b9-98ad-f9afd4759d95}</UniqueIdentifier>
    </Filter>
    <Filter Include="Header Files\SpectralEvaluation\File">
      <UniqueIdentifier>{12f362dd-a454-452b-921e-44d8f815ebd3}</UniqueIdentifier>
    </Filter>
    <Filter Include="Source Files\SpectralEvaluation\File">
      <UniqueIdentifier>{d5b49ab0-1d6b-4233-8692-4511bdb1f39d}</UniqueIdentifier>
    </Filter>
    <Filter Include="Header Files\SpectralEvaluation\Calibration">
      <UniqueIdentifier>{4e74ac28-dddd-4205-a6b6-d2676c89bf4f}</UniqueIdentifier>
    </Filter>
    <Filter Include="Header Files\SpectralEvaluation\Math">
      <UniqueIdentifier>{690ac6d1-8178-4086-a3f8-dab1c04ead1b}</UniqueIdentifier>
    </Filter>
    <Filter Include="Source Files\Evaluation">
      <UniqueIdentifier>{32873f64-098d-4e3e-9aea-6ec00d8fc1b4}</UniqueIdentifier>
    </Filter>
    <Filter Include="Source Files\SpectralEvaluation\Flux">
      <UniqueIdentifier>{6cfee539-2fe1-4cdd-9935-cfc6570d00d6}</UniqueIdentifier>
    </Filter>
    <Filter Include="Source Files\SpectralEvaluation\DialogControllers">
      <UniqueIdentifier>{1bfc3cd9-061d-4ebb-bb7a-d17a87ca0f17}</UniqueIdentifier>
    </Filter>
    <Filter Include="Header Files\SpectralEvaluation\DialogControllers">
      <UniqueIdentifier>{ec32462a-478a-4108-83c0-21c45c716393}</UniqueIdentifier>
    </Filter>
    <Filter Include="Header Files\DlgControls\CGridListCtrlEx">
      <UniqueIdentifier>{60298a56-d291-41a2-8395-5da8560434ab}</UniqueIdentifier>
    </Filter>
  </ItemGroup>
  <ItemGroup>
    <ClCompile Include="Configuration\AdvancedFTPUploadSettings.cpp">
      <Filter>Source Files</Filter>
    </ClCompile>
    <ClCompile Include="Common\CfgTxtFileHandler.cpp">
      <Filter>Source Files</Filter>
    </ClCompile>
    <ClCompile Include="CombinerThread.cpp">
      <Filter>Source Files</Filter>
    </ClCompile>
    <ClCompile Include="CommunicationDataStorage.cpp">
      <Filter>Source Files</Filter>
    </ClCompile>
    <ClCompile Include="Common\CompositionMeasurement.cpp">
      <Filter>Source Files</Filter>
    </ClCompile>
    <ClCompile Include="Configuration\DarkConfigurationDlg.cpp">
      <Filter>Source Files</Filter>
    </ClCompile>
    <ClCompile Include="Dialogs\DataBrowserDlg.cpp">
      <Filter>Source Files</Filter>
    </ClCompile>
    <ClCompile Include="EvaluatedDataStorage.cpp">
      <Filter>Source Files</Filter>
    </ClCompile>
    <ClCompile Include="Common\EvaluationLogFileHandler.cpp">
      <Filter>Source Files</Filter>
    </ClCompile>
    <ClCompile Include="FileTreeCtrl.cpp">
      <Filter>Source Files</Filter>
    </ClCompile>
    <ClCompile Include="ReEvaluation\FitWindowListBox.cpp">
      <Filter>Source Files</Filter>
    </ClCompile>
    <ClCompile Include="Dialogs\FluxErrorDlg.cpp">
      <Filter>Source Files</Filter>
    </ClCompile>
    <ClCompile Include="Common\FluxLogFileHandler.cpp">
      <Filter>Source Files</Filter>
    </ClCompile>
    <ClCompile Include="Evaluation\FluxResult.cpp">
      <Filter>Source Files</Filter>
    </ClCompile>
    <ClCompile Include="Geometry\GeometryCalculator.cpp">
      <Filter>Source Files</Filter>
    </ClCompile>
    <ClCompile Include="Geometry\GeometryEvaluator.cpp">
      <Filter>Source Files</Filter>
    </ClCompile>
    <ClCompile Include="Geometry\GeometryResult.cpp">
      <Filter>Source Files</Filter>
    </ClCompile>
    <ClCompile Include="Configuration\LocationConfigurationDlg.cpp">
      <Filter>Source Files</Filter>
    </ClCompile>
    <ClCompile Include="MainFrm.cpp">
      <Filter>Source Files</Filter>
    </ClCompile>
    <ClCompile Include="Dialogs\ManualCompositionDlg.cpp">
      <Filter>Source Files</Filter>
    </ClCompile>
    <ClCompile Include="Dialogs\ManualWindDlg.cpp">
      <Filter>Source Files</Filter>
    </ClCompile>
    <ClCompile Include="MasterController.cpp">
      <Filter>Source Files</Filter>
    </ClCompile>
    <ClCompile Include="Dialogs\MergePakFilesDlg.cpp">
      <Filter>Source Files</Filter>
    </ClCompile>
    <ClCompile Include="NovacMasterProgram.cpp">
      <Filter>Source Files</Filter>
    </ClCompile>
    <ClCompile Include="NovacMasterProgramDoc.cpp">
      <Filter>Source Files</Filter>
    </ClCompile>
    <ClCompile Include="NovacMasterProgramView.cpp">
      <Filter>Source Files</Filter>
    </ClCompile>
    <ClCompile Include="ObservatoryInfo.cpp">
      <Filter>Source Files</Filter>
    </ClCompile>
    <ClCompile Include="Dialogs\PakFileInspector.cpp">
      <Filter>Source Files</Filter>
    </ClCompile>
    <ClCompile Include="WindMeasurement\PostWindDlg.cpp">
      <Filter>Source Files</Filter>
    </ClCompile>
    <ClCompile Include="ReEvaluation\ReEvalSettingsFileHandler.cpp">
      <Filter>Source Files</Filter>
    </ClCompile>
    <ClCompile Include="WindMeasurement\RealTimeWind.cpp">
      <Filter>Source Files</Filter>
    </ClCompile>
    <ClCompile Include="Common\ReportWriter.cpp">
      <Filter>Source Files</Filter>
    </ClCompile>
    <ClCompile Include="ScannerFileInfo.cpp">
      <Filter>Source Files</Filter>
    </ClCompile>
    <ClCompile Include="ScannerFolderInfo.cpp">
      <Filter>Source Files</Filter>
    </ClCompile>
    <ClCompile Include="StatusFileReader.cpp">
      <Filter>Source Files</Filter>
    </ClCompile>
    <ClCompile Include="Dialogs\SummarizeFluxDataDlg.cpp">
      <Filter>Source Files</Filter>
    </ClCompile>
    <ClCompile Include="UserSettings.cpp">
      <Filter>Source Files</Filter>
    </ClCompile>
    <ClCompile Include="Configuration\VIIAdvancedConfigurationDlg.cpp">
      <Filter>Source Files</Filter>
    </ClCompile>
    <ClCompile Include="Common\Version.cpp">
      <Filter>Source Files</Filter>
    </ClCompile>
    <ClCompile Include="View_Instrument.cpp">
      <Filter>Source Files</Filter>
    </ClCompile>
    <ClCompile Include="View_OverView.cpp">
      <Filter>Source Files</Filter>
    </ClCompile>
    <ClCompile Include="View_Scanner.cpp">
      <Filter>Source Files</Filter>
    </ClCompile>
    <ClCompile Include="View_WindMeasOverView.cpp">
      <Filter>Source Files</Filter>
    </ClCompile>
    <ClCompile Include="VolcanoInfo.cpp">
      <Filter>Source Files</Filter>
    </ClCompile>
    <ClCompile Include="WindFileController.cpp">
      <Filter>Source Files</Filter>
    </ClCompile>
    <ClCompile Include="WindMeasurement\WindSpeedResult.cpp">
      <Filter>Source Files</Filter>
    </ClCompile>
    <ClCompile Include="stdafx.cpp">
      <Filter>Source Files</Filter>
    </ClCompile>
    <ClCompile Include="Common\Common.cpp">
      <Filter>Source Files\Common</Filter>
    </ClCompile>
    <ClCompile Include="Common\LogFileWriter.cpp">
      <Filter>Source Files\Common</Filter>
    </ClCompile>
    <ClCompile Include="Common\XMLFileReader.cpp">
      <Filter>Source Files\Common</Filter>
    </ClCompile>
    <ClCompile Include="Common\Spectra\PakFileHandler.cpp">
      <Filter>Source Files\Common\Spectra</Filter>
    </ClCompile>
    <ClCompile Include="PostFlux\PostFluxCalculator.cpp">
      <Filter>Source Files\PostFlux</Filter>
    </ClCompile>
    <ClCompile Include="PostFlux\PostFluxDlg.cpp">
      <Filter>Source Files\PostFlux</Filter>
    </ClCompile>
    <ClCompile Include="Configuration\Configuration.cpp">
      <Filter>Source Files\Configuration</Filter>
    </ClCompile>
    <ClCompile Include="Dialogs\ConfigurationDlg.cpp">
      <Filter>Source Files\Configuration</Filter>
    </ClCompile>
    <ClCompile Include="Configuration\ConfigurationFileHandler.cpp">
      <Filter>Source Files\Configuration</Filter>
    </ClCompile>
    <ClCompile Include="Configuration\ConfigurationTreeCtrl.cpp">
      <Filter>Source Files\Configuration</Filter>
    </ClCompile>
    <ClCompile Include="Configuration\ConfigureCOMPortDlg.cpp">
      <Filter>Source Files\Configuration</Filter>
    </ClCompile>
    <ClCompile Include="Configuration\EvaluationConfigurationDlg.cpp">
      <Filter>Source Files\Configuration</Filter>
    </ClCompile>
    <ClCompile Include="Configuration\GlobalConfiguration.cpp">
      <Filter>Source Files\Configuration</Filter>
    </ClCompile>
    <ClCompile Include="Configuration\ScannerConfiguration.cpp">
      <Filter>Source Files\Configuration</Filter>
    </ClCompile>
    <ClCompile Include="Configuration\SystemConfigurationPage.cpp">
      <Filter>Source Files\Configuration</Filter>
    </ClCompile>
    <ClCompile Include="DlgControls\Label.cpp">
      <Filter>Source Files\DlgControls</Filter>
    </ClCompile>
    <ClCompile Include="DlgControls\MeasGrid.cpp">
      <Filter>Source Files\DlgControls</Filter>
    </ClCompile>
    <ClCompile Include="DlgControls\ReferenceFileControl.cpp">
      <Filter>Source Files\DlgControls</Filter>
    </ClCompile>
    <ClCompile Include="Dialogs\SimplePropertySheet.cpp">
      <Filter>Source Files\DlgControls</Filter>
    </ClCompile>
    <ClCompile Include="DlgControls\GridCtrl\GridCell.cpp">
      <Filter>Source Files\DlgControls\GridCtrl</Filter>
    </ClCompile>
    <ClCompile Include="DlgControls\GridCtrl\GridCellBase.cpp">
      <Filter>Source Files\DlgControls\GridCtrl</Filter>
    </ClCompile>
    <ClCompile Include="DlgControls\GridCtrl\GridCtrl.cpp">
      <Filter>Source Files\DlgControls\GridCtrl</Filter>
    </ClCompile>
    <ClCompile Include="DlgControls\GridCtrl\GridDropTarget.cpp">
      <Filter>Source Files\DlgControls\GridCtrl</Filter>
    </ClCompile>
    <ClCompile Include="DlgControls\GridCtrl\InPlaceEdit.cpp">
      <Filter>Source Files\DlgControls\GridCtrl</Filter>
    </ClCompile>
    <ClCompile Include="DlgControls\GridCtrl\TitleTip.cpp">
      <Filter>Source Files\DlgControls\GridCtrl</Filter>
    </ClCompile>
    <ClCompile Include="communication\CommunicationController.cpp">
      <Filter>Source Files\Communication</Filter>
    </ClCompile>
    <ClCompile Include="communication\FTPCom.cpp">
      <Filter>Source Files\Communication</Filter>
    </ClCompile>
    <ClCompile Include="communication\FTPHandler.cpp">
      <Filter>Source Files\Communication</Filter>
    </ClCompile>
    <ClCompile Include="communication\FTPServerContacter.cpp">
      <Filter>Source Files\Communication</Filter>
    </ClCompile>
    <ClCompile Include="communication\FTPSocket.cpp">
      <Filter>Source Files\Communication</Filter>
    </ClCompile>
    <ClCompile Include="communication\SerialCOM.cpp">
      <Filter>Source Files\Communication</Filter>
    </ClCompile>
    <ClCompile Include="communication\SerialControllerWithTx.cpp">
      <Filter>Source Files\Communication</Filter>
    </ClCompile>
    <ClCompile Include="Dialogs\DarkSettingsDialog.cpp">
      <Filter>Source Files\Dialogs</Filter>
    </ClCompile>
    <ClCompile Include="Dialogs\ExportDlg.cpp">
      <Filter>Source Files\Dialogs</Filter>
    </ClCompile>
    <ClCompile Include="Dialogs\ExportEvallogDlg.cpp">
      <Filter>Source Files\Dialogs</Filter>
    </ClCompile>
    <ClCompile Include="Dialogs\ExportSpectraDlg.cpp">
      <Filter>Source Files\Dialogs</Filter>
    </ClCompile>
    <ClCompile Include="Dialogs\FECFileDialog.cpp">
      <Filter>Source Files\Dialogs</Filter>
    </ClCompile>
    <ClCompile Include="Dialogs\FileTransferDlg.cpp">
      <Filter>Source Files\Dialogs</Filter>
    </ClCompile>
    <ClCompile Include="Dialogs\GeometryDlg.cpp">
      <Filter>Source Files\Dialogs</Filter>
    </ClCompile>
    <ClCompile Include="Dialogs\ImportSpectraDlg.cpp">
      <Filter>Source Files\Dialogs</Filter>
    </ClCompile>
    <ClCompile Include="Dialogs\QueryStringDialog.cpp">
      <Filter>Source Files\Dialogs</Filter>
    </ClCompile>
    <ClCompile Include="Dialogs\ReferencePropertiesDlg.cpp">
      <Filter>Source Files\Dialogs</Filter>
    </ClCompile>
    <ClCompile Include="Dialogs\SelectionDialog.cpp">
      <Filter>Source Files\Dialogs</Filter>
    </ClCompile>
    <ClCompile Include="Dialogs\SplitPakFilesDlg.cpp">
      <Filter>Source Files\Dialogs</Filter>
    </ClCompile>
    <ClCompile Include="Evaluation\EvaluationController.cpp">
      <Filter>Source Files\Evaluation</Filter>
    </ClCompile>
    <ClCompile Include="Evaluation\FitWindowFileHandler.cpp">
      <Filter>Source Files\Evaluation</Filter>
    </ClCompile>
    <ClCompile Include="Evaluation\ScanEvaluation.cpp">
      <Filter>Source Files\Evaluation</Filter>
    </ClCompile>
    <ClCompile Include="Evaluation\ScanResult.cpp">
      <Filter>Source Files\Evaluation</Filter>
    </ClCompile>
    <ClCompile Include="Evaluation\Spectrometer.cpp">
      <Filter>Source Files\Evaluation</Filter>
    </ClCompile>
    <ClCompile Include="Evaluation\SpectrometerHistory.cpp">
      <Filter>Source Files\Evaluation</Filter>
    </ClCompile>
    <ClCompile Include="ReEvaluation\PakFileListBox.cpp">
      <Filter>Source Files\ReEvaluation</Filter>
    </ClCompile>
    <ClCompile Include="ReEvaluation\ReEval_DoEvaluationDlg.cpp">
      <Filter>Source Files\ReEvaluation</Filter>
    </ClCompile>
    <ClCompile Include="ReEvaluation\ReEval_MiscSettingsDlg.cpp">
      <Filter>Source Files\ReEvaluation</Filter>
    </ClCompile>
    <ClCompile Include="ReEvaluation\ReEval_ScanDlg.cpp">
      <Filter>Source Files\ReEvaluation</Filter>
    </ClCompile>
    <ClCompile Include="ReEvaluation\ReEval_WindowDlg.cpp">
      <Filter>Source Files\ReEvaluation</Filter>
    </ClCompile>
    <ClCompile Include="ReEvaluation\ReEvaluationDlg.cpp">
      <Filter>Source Files\ReEvaluation</Filter>
    </ClCompile>
    <ClCompile Include="ReEvaluation\ReEvaluator.cpp">
      <Filter>Source Files\ReEvaluation</Filter>
    </ClCompile>
    <ClCompile Include="Configuration\WindConfigurationDlg.cpp">
      <Filter>Source Files\Wind</Filter>
    </ClCompile>
    <ClCompile Include="WindMeasurement\WindEvaluator.cpp">
      <Filter>Source Files\Wind</Filter>
    </ClCompile>
    <ClCompile Include="WindMeasurement\WindSpeedCalculator.cpp">
      <Filter>Source Files\Wind</Filter>
    </ClCompile>
    <ClCompile Include="WindMeasurement\WindSpeedMeasSettings.cpp">
      <Filter>Source Files\Wind</Filter>
    </ClCompile>
    <ClCompile Include="Graphs\DOASFitGraph.cpp">
      <Filter>Source Files\Graphs</Filter>
    </ClCompile>
    <ClCompile Include="Graphs\GraphCtrl.cpp">
      <Filter>Source Files\Graphs</Filter>
    </ClCompile>
    <ClCompile Include="Graphs\OScopeCtrl.cpp">
      <Filter>Source Files\Graphs</Filter>
    </ClCompile>
    <ClCompile Include="Dialogs\ReferencePlotDlg.cpp">
      <Filter>Source Files</Filter>
    </ClCompile>
    <ClCompile Include="SpectralEvaluation\src\Evaluation\BasicMath.cpp">
      <Filter>Source Files\SpectralEvaluation\Evaluation</Filter>
    </ClCompile>
    <ClCompile Include="SpectralEvaluation\src\Evaluation\CrossSectionData.cpp">
      <Filter>Source Files\SpectralEvaluation\Evaluation</Filter>
    </ClCompile>
    <ClCompile Include="SpectralEvaluation\src\Evaluation\EvaluationBase.cpp">
      <Filter>Source Files\SpectralEvaluation\Evaluation</Filter>
    </ClCompile>
    <ClCompile Include="SpectralEvaluation\src\Evaluation\EvaluationResult.cpp">
      <Filter>Source Files\SpectralEvaluation\Evaluation</Filter>
    </ClCompile>
    <ClCompile Include="SpectralEvaluation\src\Evaluation\FitWindow.cpp">
      <Filter>Source Files\SpectralEvaluation\Evaluation</Filter>
    </ClCompile>
    <ClCompile Include="SpectralEvaluation\src\Evaluation\ReferenceFile.cpp">
      <Filter>Source Files\SpectralEvaluation\Evaluation</Filter>
    </ClCompile>
    <ClCompile Include="SpectralEvaluation\src\Evaluation\ReferenceFitResult.cpp">
      <Filter>Source Files\SpectralEvaluation\Evaluation</Filter>
    </ClCompile>
    <ClCompile Include="SpectralEvaluation\src\Fit\MessageLog.cpp">
      <Filter>Source Files\SpectralEvaluation\Fit</Filter>
    </ClCompile>
    <ClCompile Include="SpectralEvaluation\src\DateTime.cpp">
      <Filter>Source Files\SpectralEvaluation\Spectra</Filter>
    </ClCompile>
    <ClCompile Include="SpectralEvaluation\src\GPSData.cpp">
      <Filter>Source Files\SpectralEvaluation\Spectra</Filter>
    </ClCompile>
    <ClCompile Include="SpectralEvaluation\src\Spectra\SpectrometerModel.cpp">
      <Filter>Source Files\SpectralEvaluation\Spectra</Filter>
    </ClCompile>
    <ClCompile Include="SpectralEvaluation\src\Spectra\Spectrum.cpp">
      <Filter>Source Files\SpectralEvaluation\Spectra</Filter>
    </ClCompile>
    <ClCompile Include="SpectralEvaluation\src\Spectra\SpectrumInfo.cpp">
      <Filter>Source Files\SpectralEvaluation\Spectra</Filter>
    </ClCompile>
    <ClCompile Include="SpectralEvaluation\src\VectorUtils.cpp">
      <Filter>Source Files\SpectralEvaluation</Filter>
    </ClCompile>
    <ClCompile Include="SpectralEvaluation\src\Evaluation\ScanEvaluationBase.cpp">
      <Filter>Source Files\Evaluation</Filter>
    </ClCompile>
    <ClCompile Include="SpectralEvaluation\src\Flux\Flux.cpp">
      <Filter>Source Files\Common\Flux</Filter>
    </ClCompile>
    <ClCompile Include="SpectralEvaluation\src\Flux\PlumeInScanProperty.cpp">
      <Filter>Source Files\Common\Flux</Filter>
    </ClCompile>
    <ClCompile Include="Dialogs\ColumnHistoryDlg.cpp">
      <Filter>Source Files\Dialogs</Filter>
    </ClCompile>
    <ClCompile Include="Dialogs\FluxHistoryDlg.cpp">
      <Filter>Source Files\Dialogs</Filter>
    </ClCompile>
    <ClCompile Include="communication\IFTPDataUpload.cpp">
      <Filter>Source Files\Communication</Filter>
    </ClCompile>
    <ClCompile Include="communication\NodeControlInfo.cpp">
      <Filter>Source Files</Filter>
    </ClCompile>
    <ClCompile Include="communication\FileInfo.cpp">
      <Filter>Source Files\Communication</Filter>
    </ClCompile>
    <ClCompile Include="communication\LinkStatistics.cpp">
      <Filter>Source Files\Communication</Filter>
    </ClCompile>
    <ClCompile Include="communication\SFTPCom.cpp">
      <Filter>Source Files\Communication</Filter>
    </ClCompile>
    <ClCompile Include="CustomSpectrometerModelDlg.cpp">
      <Filter>Source Files</Filter>
    </ClCompile>
    <ClCompile Include="SpectralEvaluation\src\Evaluation\DarkSpectrum.cpp">
      <Filter>Source Files\Evaluation</Filter>
    </ClCompile>
    <ClCompile Include="SpectralEvaluation\src\Spectra\Scattering.cpp">
      <Filter>Source Files\SpectralEvaluation\Spectra</Filter>
    </ClCompile>
    <ClCompile Include="SpectralEvaluation\src\StringUtils.cpp">
      <Filter>Source Files\SpectralEvaluation</Filter>
    </ClCompile>
    <ClCompile Include="Meteorology\WindField.cpp">
      <Filter>Source Files\Meteorology</Filter>
    </ClCompile>
    <ClCompile Include="Meteorology\MeteorologicalData.cpp">
      <Filter>Source Files\Meteorology</Filter>
    </ClCompile>
    <ClCompile Include="File\WindFileReader.cpp">
      <Filter>Source Files\File</Filter>
    </ClCompile>
    <ClCompile Include="Meteorology\WindFieldDatabase.cpp">
      <Filter>Source Files\Meteorology</Filter>
    </ClCompile>
    <ClCompile Include="SpectralEvaluation\src\Interpolation.cpp">
      <Filter>Source Files\SpectralEvaluation</Filter>
    </ClCompile>
    <ClCompile Include="Meteorology\WindFieldInterpolation.cpp">
      <Filter>Source Files\Meteorology</Filter>
    </ClCompile>
    <ClCompile Include="Dialogs\MergeEvalLogDlg.cpp">
      <Filter>Source Files</Filter>
    </ClCompile>
    <ClCompile Include="File\FileMerger.cpp">
      <Filter>Source Files</Filter>
    </ClCompile>
    <ClCompile Include="SpectralEvaluation\src\Calibration\ReferenceSpectrumConvolution.cpp">
      <Filter>Source Files\SpectralEvaluation\Calibration</Filter>
    </ClCompile>
    <ClCompile Include="SpectralEvaluation\src\Math\FFT.cpp">
      <Filter>Source Files\SpectralEvaluation\Math</Filter>
    </ClCompile>
    <ClCompile Include="SpectralEvaluation\src\Calibration\InstrumentLineShapeEstimation.cpp">
      <Filter>Source Files\SpectralEvaluation\Calibration</Filter>
    </ClCompile>
    <ClCompile Include="SpectralEvaluation\src\Spectra\SpectrumUtils.cpp">
      <Filter>Source Files\SpectralEvaluation\Spectra</Filter>
    </ClCompile>
    <ClCompile Include="SpectralEvaluation\src\File\MKPack.cpp">
      <Filter>Source Files\SpectralEvaluation\File</Filter>
    </ClCompile>
    <ClCompile Include="SpectralEvaluation\src\File\STDFile.cpp">
      <Filter>Source Files\SpectralEvaluation\File</Filter>
    </ClCompile>
    <ClCompile Include="SpectralEvaluation\src\File\TXTFile.cpp">
      <Filter>Source Files\SpectralEvaluation\File</Filter>
    </ClCompile>
    <ClCompile Include="SpectralEvaluation\src\File\File.cpp">
      <Filter>Source Files\SpectralEvaluation\File</Filter>
    </ClCompile>
    <ClCompile Include="SpectralEvaluation\src\File\SpectrumIO.cpp">
      <Filter>Source Files\SpectralEvaluation\File</Filter>
    </ClCompile>
    <ClCompile Include="SpectralEvaluation\src\File\ScanFileHandler.cpp">
      <Filter>Source Files\SpectralEvaluation\File</Filter>
    </ClCompile>
    <ClCompile Include="Dialogs\SpectrometerCalibrationDlg.cpp">
      <Filter>Source Files\Dialogs</Filter>
    </ClCompile>
    <ClCompile Include="Dialogs\CCalibratePixelToWavelengthDialog.cpp">
      <Filter>Source Files\Dialogs</Filter>
    </ClCompile>
    <ClCompile Include="Dialogs\CCalibrateReferencesDialog.cpp">
      <Filter>Source Files\Dialogs</Filter>
    </ClCompile>
    <ClCompile Include="Dialogs\OpenInstrumentCalibrationDialog.cpp">
      <Filter>Source Files\Dialogs</Filter>
    </ClCompile>
    <ClCompile Include="SpectralEvaluation\src\Calibration\FraunhoferSpectrumGeneration.cpp">
      <Filter>Source Files\SpectralEvaluation\Calibration</Filter>
    </ClCompile>
    <ClCompile Include="SpectralEvaluation\src\Calibration\WavelengthCalibration.cpp">
      <Filter>Source Files\SpectralEvaluation\Calibration</Filter>
    </ClCompile>
    <ClCompile Include="SpectralEvaluation\src\Calibration\WavelengthCalibrationByRansac.cpp">
      <Filter>Source Files\SpectralEvaluation\Calibration</Filter>
    </ClCompile>
    <ClCompile Include="SpectralEvaluation\src\Math\FunctionFit.cpp">
      <Filter>Source Files\SpectralEvaluation\Math</Filter>
    </ClCompile>
    <ClCompile Include="SpectralEvaluation\src\Math\PolynomialFit.cpp">
      <Filter>Source Files\SpectralEvaluation\Math</Filter>
    </ClCompile>
    <ClCompile Include="Graphs\ScanGraph.cpp">
      <Filter>Source Files\Graphs</Filter>
    </ClCompile>
    <ClCompile Include="Graphs\SpectrumGraph.cpp">
      <Filter>Source Files\Graphs</Filter>
    </ClCompile>
    <ClCompile Include="SpectralEvaluation\src\Calibration\Correspondence.cpp">
      <Filter>Source Files\SpectralEvaluation\Calibration</Filter>
    </ClCompile>
    <ClCompile Include="SpectralEvaluation\src\Calibration\InstrumentCalibration.cpp">
      <Filter>Source Files\SpectralEvaluation\Calibration</Filter>
    </ClCompile>
    <ClCompile Include="SpectralEvaluation\src\Calibration\InstrumentLineShape.cpp">
      <Filter>Source Files\SpectralEvaluation\Calibration</Filter>
    </ClCompile>
    <ClCompile Include="SpectralEvaluation\src\Evaluation\DoasFit.cpp">
      <Filter>Source Files\SpectralEvaluation\Evaluation</Filter>
    </ClCompile>
    <ClCompile Include="SpectralEvaluation\src\Evaluation\BasicScanEvaluationResult.cpp">
      <Filter>Source Files\SpectralEvaluation\Evaluation</Filter>
    </ClCompile>
    <ClCompile Include="SpectralEvaluation\src\Flux\ScanFluxResult.cpp">
      <Filter>Source Files\SpectralEvaluation\Flux</Filter>
    </ClCompile>
    <ClCompile Include="SpectralEvaluation\src\File\XmlUtil.cpp">
      <Filter>Source Files\SpectralEvaluation\File</Filter>
    </ClCompile>
    <ClCompile Include="SpectralEvaluation\src\Calibration\StandardCrossSectionSetup.cpp">
      <Filter>Source Files\SpectralEvaluation\Calibration</Filter>
    </ClCompile>
    <ClCompile Include="Dialogs\CLogDialog.cpp">
      <Filter>Source Files</Filter>
    </ClCompile>
    <ClCompile Include="Dialogs\CCalibratePixelToWavelengthSetupDialog.cpp">
      <Filter>Source Files\Dialogs</Filter>
    </ClCompile>
    <ClCompile Include="Dialogs\CCreateStandardReferencesDialog.cpp">
      <Filter>Source Files</Filter>
    </ClCompile>
    <ClCompile Include="SpectralEvaluation\src\Calibration\CrossSectionSpectrumGenerator.cpp">
      <Filter>Source Files\SpectralEvaluation\Calibration</Filter>
    </ClCompile>
    <ClCompile Include="Configuration\CCalibrationConfigurationDlg.cpp">
      <Filter>Source Files</Filter>
    </ClCompile>
    <ClCompile Include="Evaluation\RealTimeCalibration.cpp">
      <Filter>Source Files\Evaluation</Filter>
    </ClCompile>
    <ClCompile Include="SpectralEvaluation\src\DialogControllers\ReferenceCreationController.cpp">
      <Filter>Source Files\SpectralEvaluation\DialogControllers</Filter>
    </ClCompile>
    <ClCompile Include="SpectralEvaluation\src\DialogControllers\WavelengthCalibrationController.cpp">
      <Filter>Source Files\SpectralEvaluation\DialogControllers</Filter>
    </ClCompile>
    <ClCompile Include="SpectralEvaluation\src\DialogControllers\NovacProgramWavelengthCalibrationController.cpp">
      <Filter>Source Files\SpectralEvaluation\DialogControllers</Filter>
    </ClCompile>
    <ClCompile Include="Dialogs\CRatioCalculationDlg.cpp">
      <Filter>Source Files\Dialogs</Filter>
    </ClCompile>
    <ClCompile Include="Dialogs\CRatioScanFilesDialog.cpp">
      <Filter>Source Files\Dialogs</Filter>
    </ClCompile>
    <ClCompile Include="Dialogs\CRatioSetupDialog.cpp">
      <Filter>Source Files\Dialogs</Filter>
    </ClCompile>
    <ClCompile Include="Dialogs\CRatioEvaluationDialog.cpp">
      <Filter>Source Files\Dialogs</Filter>
    </ClCompile>
    <ClCompile Include="SpectralEvaluation\src\DialogControllers\RatioCalculationController.cpp">
      <Filter>Source Files\SpectralEvaluation\DialogControllers</Filter>
    </ClCompile>
    <ClCompile Include="DlgControls\CGridListCtrlEx\CGridColumnTraitCombo.cpp">
      <Filter>Header Files\DlgControls\CGridListCtrlEx</Filter>
    </ClCompile>
    <ClCompile Include="DlgControls\CGridListCtrlEx\CGridColumnTraitDateTime.cpp">
      <Filter>Header Files\DlgControls\CGridListCtrlEx</Filter>
    </ClCompile>
    <ClCompile Include="DlgControls\CGridListCtrlEx\CGridColumnTraitEdit.cpp">
      <Filter>Header Files\DlgControls\CGridListCtrlEx</Filter>
    </ClCompile>
    <ClCompile Include="DlgControls\CGridListCtrlEx\CGridColumnTraitHyperLink.cpp">
      <Filter>Header Files\DlgControls\CGridListCtrlEx</Filter>
    </ClCompile>
    <ClCompile Include="DlgControls\CGridListCtrlEx\CGridColumnTraitImage.cpp">
      <Filter>Header Files\DlgControls\CGridListCtrlEx</Filter>
    </ClCompile>
    <ClCompile Include="DlgControls\CGridListCtrlEx\CGridColumnTraitMultilineEdit.cpp">
      <Filter>Header Files\DlgControls\CGridListCtrlEx</Filter>
    </ClCompile>
    <ClCompile Include="DlgControls\CGridListCtrlEx\CGridColumnTraitText.cpp">
      <Filter>Header Files\DlgControls\CGridListCtrlEx</Filter>
    </ClCompile>
    <ClCompile Include="DlgControls\CGridListCtrlEx\CGridListCtrlEx.cpp">
      <Filter>Header Files\DlgControls\CGridListCtrlEx</Filter>
    </ClCompile>
    <ClCompile Include="DlgControls\CGridListCtrlEx\CGridListCtrlGroups.cpp">
      <Filter>Header Files\DlgControls\CGridListCtrlEx</Filter>
    </ClCompile>
    <ClCompile Include="DlgControls\CGridListCtrlEx\CGridRowTraitText.cpp">
      <Filter>Header Files\DlgControls\CGridListCtrlEx</Filter>
    </ClCompile>
    <ClCompile Include="DlgControls\CGridListCtrlEx\CGridRowTraitXP.cpp">
      <Filter>Header Files\DlgControls\CGridListCtrlEx</Filter>
    </ClCompile>
    <ClCompile Include="DlgControls\CGridListCtrlEx\ViewConfigSection.cpp">
      <Filter>Header Files\DlgControls\CGridListCtrlEx</Filter>
    </ClCompile>
    <ClCompile Include="SpectralEvaluation\src\Evaluation\RatioEvaluation.cpp">
      <Filter>Source Files\SpectralEvaluation\Evaluation</Filter>
    </ClCompile>
    <ClCompile Include="SpectralEvaluation\src\Evaluation\DoasFitPreparation.cpp">
      <Filter>Source Files\SpectralEvaluation\Evaluation</Filter>
    </ClCompile>
    <ClCompile Include="SpectralEvaluation\src\Math\SpectrumMath.cpp">
      <Filter>Source Files\SpectralEvaluation\Math</Filter>
    </ClCompile>
  </ItemGroup>
  <ItemGroup>
    <ClInclude Include="Configuration\AdvancedFTPUploadSettings.h">
      <Filter>Header Files</Filter>
    </ClInclude>
    <ClInclude Include="Common\CfgTxtFileHandler.h">
      <Filter>Header Files</Filter>
    </ClInclude>
    <ClInclude Include="CombinerThread.h">
      <Filter>Header Files</Filter>
    </ClInclude>
    <ClInclude Include="CommunicationDataStorage.h">
      <Filter>Header Files</Filter>
    </ClInclude>
    <ClInclude Include="Common\CompositionMeasurement.h">
      <Filter>Header Files</Filter>
    </ClInclude>
    <ClInclude Include="Configuration\DarkConfigurationDlg.h">
      <Filter>Header Files</Filter>
    </ClInclude>
    <ClInclude Include="Dialogs\DataBrowserDlg.h">
      <Filter>Header Files</Filter>
    </ClInclude>
    <ClInclude Include="EvaluatedDataStorage.h">
      <Filter>Header Files</Filter>
    </ClInclude>
    <ClInclude Include="Common\EvaluationLogFileHandler.h">
      <Filter>Header Files</Filter>
    </ClInclude>
    <ClInclude Include="FileTreeCtrl.h">
      <Filter>Header Files</Filter>
    </ClInclude>
    <ClInclude Include="ReEvaluation\FitWindowListBox.h">
      <Filter>Header Files</Filter>
    </ClInclude>
    <ClInclude Include="Dialogs\FluxErrorDlg.h">
      <Filter>Header Files</Filter>
    </ClInclude>
    <ClInclude Include="Common\FluxLogFileHandler.h">
      <Filter>Header Files</Filter>
    </ClInclude>
    <ClInclude Include="Evaluation\FluxResult.h">
      <Filter>Header Files</Filter>
    </ClInclude>
    <ClInclude Include="Geometry\GeometryCalculator.h">
      <Filter>Header Files</Filter>
    </ClInclude>
    <ClInclude Include="Geometry\GeometryEvaluator.h">
      <Filter>Header Files</Filter>
    </ClInclude>
    <ClInclude Include="Geometry\GeometryResult.h">
      <Filter>Header Files</Filter>
    </ClInclude>
    <ClInclude Include="Configuration\LocationConfigurationDlg.h">
      <Filter>Header Files</Filter>
    </ClInclude>
    <ClInclude Include="MainFrm.h">
      <Filter>Header Files</Filter>
    </ClInclude>
    <ClInclude Include="Dialogs\ManualCompositionDlg.h">
      <Filter>Header Files</Filter>
    </ClInclude>
    <ClInclude Include="Dialogs\ManualWindDlg.h">
      <Filter>Header Files</Filter>
    </ClInclude>
    <ClInclude Include="MasterController.h">
      <Filter>Header Files</Filter>
    </ClInclude>
    <ClInclude Include="Dialogs\MergePakFilesDlg.h">
      <Filter>Header Files</Filter>
    </ClInclude>
    <ClInclude Include="NovacMasterProgram.h">
      <Filter>Header Files</Filter>
    </ClInclude>
    <ClInclude Include="NovacMasterProgramDoc.h">
      <Filter>Header Files</Filter>
    </ClInclude>
    <ClInclude Include="NovacMasterProgramView.h">
      <Filter>Header Files</Filter>
    </ClInclude>
    <ClInclude Include="ObservatoryInfo.h">
      <Filter>Header Files</Filter>
    </ClInclude>
    <ClInclude Include="Dialogs\PakFileInspector.h">
      <Filter>Header Files</Filter>
    </ClInclude>
    <ClInclude Include="WindMeasurement\PostWindDlg.h">
      <Filter>Header Files</Filter>
    </ClInclude>
    <ClInclude Include="ReEvaluation\ReEvalSettingsFileHandler.h">
      <Filter>Header Files</Filter>
    </ClInclude>
    <ClInclude Include="WindMeasurement\RealTimeWind.h">
      <Filter>Header Files</Filter>
    </ClInclude>
    <ClInclude Include="Common\ReportWriter.h">
      <Filter>Header Files</Filter>
    </ClInclude>
    <ClInclude Include="Resource.h">
      <Filter>Header Files</Filter>
    </ClInclude>
    <ClInclude Include="ScannerFileInfo.h">
      <Filter>Header Files</Filter>
    </ClInclude>
    <ClInclude Include="ScannerFolderInfo.h">
      <Filter>Header Files</Filter>
    </ClInclude>
    <ClInclude Include="StatusFileReader.h">
      <Filter>Header Files</Filter>
    </ClInclude>
    <ClInclude Include="Dialogs\SummarizeFluxDataDlg.h">
      <Filter>Header Files</Filter>
    </ClInclude>
    <ClInclude Include="UserSettings.h">
      <Filter>Header Files</Filter>
    </ClInclude>
    <ClInclude Include="Configuration\VIIAdvancedConfigurationDlg.h">
      <Filter>Header Files</Filter>
    </ClInclude>
    <ClInclude Include="Common\Version.h">
      <Filter>Header Files</Filter>
    </ClInclude>
    <ClInclude Include="View_Instrument.h">
      <Filter>Header Files</Filter>
    </ClInclude>
    <ClInclude Include="View_OverView.h">
      <Filter>Header Files</Filter>
    </ClInclude>
    <ClInclude Include="View_Scanner.h">
      <Filter>Header Files</Filter>
    </ClInclude>
    <ClInclude Include="View_WindMeasOverView.h">
      <Filter>Header Files</Filter>
    </ClInclude>
    <ClInclude Include="VolcanoInfo.h">
      <Filter>Header Files</Filter>
    </ClInclude>
    <ClInclude Include="WindFileController.h">
      <Filter>Header Files</Filter>
    </ClInclude>
    <ClInclude Include="WindMeasurement\WindSpeedResult.h">
      <Filter>Header Files</Filter>
    </ClInclude>
    <ClInclude Include="Common\ASCII.H">
      <Filter>Header Files\Common</Filter>
    </ClInclude>
    <ClInclude Include="Common\Common.h">
      <Filter>Header Files\Common</Filter>
    </ClInclude>
    <ClInclude Include="Common\LogFileWriter.h">
      <Filter>Header Files\Common</Filter>
    </ClInclude>
    <ClInclude Include="Common\XMLFileReader.h">
      <Filter>Header Files\Common</Filter>
    </ClInclude>
    <ClInclude Include="stdafx.h">
      <Filter>Header Files\Common</Filter>
    </ClInclude>
    <ClInclude Include="Common\Spectra\PakFileHandler.h">
      <Filter>Header Files\Common\Spectra</Filter>
    </ClInclude>
    <ClInclude Include="Evaluation\EvaluationController.h">
      <Filter>Header Files\Evaluation</Filter>
    </ClInclude>
    <ClInclude Include="Evaluation\FitWindowFileHandler.h">
      <Filter>Header Files\Evaluation</Filter>
    </ClInclude>
    <ClInclude Include="Evaluation\ScanEvaluation.h">
      <Filter>Header Files\Evaluation</Filter>
    </ClInclude>
    <ClInclude Include="Evaluation\ScanResult.h">
      <Filter>Header Files\Evaluation</Filter>
    </ClInclude>
    <ClInclude Include="Evaluation\Spectrometer.h">
      <Filter>Header Files\Evaluation</Filter>
    </ClInclude>
    <ClInclude Include="Evaluation\SpectrometerHistory.h">
      <Filter>Header Files\Evaluation</Filter>
    </ClInclude>
    <ClInclude Include="Configuration\Configuration.h">
      <Filter>Header Files\Configuration</Filter>
    </ClInclude>
    <ClInclude Include="Dialogs\ConfigurationDlg.h">
      <Filter>Header Files\Configuration</Filter>
    </ClInclude>
    <ClInclude Include="Configuration\ConfigurationFileHandler.h">
      <Filter>Header Files\Configuration</Filter>
    </ClInclude>
    <ClInclude Include="Configuration\ConfigurationTreeCtrl.h">
      <Filter>Header Files\Configuration</Filter>
    </ClInclude>
    <ClInclude Include="Configuration\ConfigureCOMPortDlg.h">
      <Filter>Header Files\Configuration</Filter>
    </ClInclude>
    <ClInclude Include="Configuration\EvaluationConfigurationDlg.h">
      <Filter>Header Files\Configuration</Filter>
    </ClInclude>
    <ClInclude Include="Configuration\GlobalConfiguration.h">
      <Filter>Header Files\Configuration</Filter>
    </ClInclude>
    <ClInclude Include="Configuration\ScannerConfiguration.h">
      <Filter>Header Files\Configuration</Filter>
    </ClInclude>
    <ClInclude Include="Configuration\SystemConfigurationPage.h">
      <Filter>Header Files\Configuration</Filter>
    </ClInclude>
    <ClInclude Include="DlgControls\Label.h">
      <Filter>Header Files\DlgControls</Filter>
    </ClInclude>
    <ClInclude Include="DlgControls\MeasGrid.h">
      <Filter>Header Files\DlgControls</Filter>
    </ClInclude>
    <ClInclude Include="DlgControls\ReferenceFileControl.h">
      <Filter>Header Files\DlgControls</Filter>
    </ClInclude>
    <ClInclude Include="Dialogs\SimplePropertySheet.h">
      <Filter>Header Files\DlgControls</Filter>
    </ClInclude>
    <ClInclude Include="DlgControls\GridCtrl\CellRange.h">
      <Filter>Header Files\DlgControls\GridCtrl</Filter>
    </ClInclude>
    <ClInclude Include="DlgControls\GridCtrl\GridCell.h">
      <Filter>Header Files\DlgControls\GridCtrl</Filter>
    </ClInclude>
    <ClInclude Include="DlgControls\GridCtrl\GridCellBase.h">
      <Filter>Header Files\DlgControls\GridCtrl</Filter>
    </ClInclude>
    <ClInclude Include="DlgControls\GridCtrl\GridCtrl.h">
      <Filter>Header Files\DlgControls\GridCtrl</Filter>
    </ClInclude>
    <ClInclude Include="DlgControls\GridCtrl\GridDropTarget.h">
      <Filter>Header Files\DlgControls\GridCtrl</Filter>
    </ClInclude>
    <ClInclude Include="DlgControls\GridCtrl\InPlaceEdit.h">
      <Filter>Header Files\DlgControls\GridCtrl</Filter>
    </ClInclude>
    <ClInclude Include="DlgControls\GridCtrl\MemDC.h">
      <Filter>Header Files\DlgControls\GridCtrl</Filter>
    </ClInclude>
    <ClInclude Include="DlgControls\GridCtrl\TitleTip.h">
      <Filter>Header Files\DlgControls\GridCtrl</Filter>
    </ClInclude>
    <ClInclude Include="communication\CommunicationController.h">
      <Filter>Header Files\Communication</Filter>
    </ClInclude>
    <ClInclude Include="communication\FTPCom.h">
      <Filter>Header Files\Communication</Filter>
    </ClInclude>
    <ClInclude Include="communication\FTPHandler.h">
      <Filter>Header Files\Communication</Filter>
    </ClInclude>
    <ClInclude Include="communication\FTPServerContacter.h">
      <Filter>Header Files\Communication</Filter>
    </ClInclude>
    <ClInclude Include="communication\FTPSocket.h">
      <Filter>Header Files\Communication</Filter>
    </ClInclude>
    <ClInclude Include="communication\SerialCOM.h">
      <Filter>Header Files\Communication</Filter>
    </ClInclude>
    <ClInclude Include="communication\SerialControllerWithTx.h">
      <Filter>Header Files\Communication</Filter>
    </ClInclude>
    <ClInclude Include="Dialogs\DarkSettingsDialog.h">
      <Filter>Header Files\Dialogs</Filter>
    </ClInclude>
    <ClInclude Include="Dialogs\ExportDlg.h">
      <Filter>Header Files\Dialogs</Filter>
    </ClInclude>
    <ClInclude Include="Dialogs\ExportEvallogDlg.h">
      <Filter>Header Files\Dialogs</Filter>
    </ClInclude>
    <ClInclude Include="Dialogs\ExportSpectraDlg.h">
      <Filter>Header Files\Dialogs</Filter>
    </ClInclude>
    <ClInclude Include="Dialogs\FECFileDialog.h">
      <Filter>Header Files\Dialogs</Filter>
    </ClInclude>
    <ClInclude Include="Dialogs\FileTransferDlg.h">
      <Filter>Header Files\Dialogs</Filter>
    </ClInclude>
    <ClInclude Include="Dialogs\GeometryDlg.h">
      <Filter>Header Files\Dialogs</Filter>
    </ClInclude>
    <ClInclude Include="Dialogs\ImportSpectraDlg.h">
      <Filter>Header Files\Dialogs</Filter>
    </ClInclude>
    <ClInclude Include="Dialogs\QueryStringDialog.h">
      <Filter>Header Files\Dialogs</Filter>
    </ClInclude>
    <ClInclude Include="Dialogs\ReferencePropertiesDlg.h">
      <Filter>Header Files\Dialogs</Filter>
    </ClInclude>
    <ClInclude Include="Dialogs\SelectionDialog.h">
      <Filter>Header Files\Dialogs</Filter>
    </ClInclude>
    <ClInclude Include="Dialogs\SplitPakFilesDlg.h">
      <Filter>Header Files\Dialogs</Filter>
    </ClInclude>
    <ClInclude Include="PostFlux\PostFluxCalculator.h">
      <Filter>Header Files\PostFlux</Filter>
    </ClInclude>
    <ClInclude Include="PostFlux\PostFluxDlg.h">
      <Filter>Header Files\PostFlux</Filter>
    </ClInclude>
    <ClInclude Include="ReEvaluation\PakFileListBox.h">
      <Filter>Header Files\ReEvaluation</Filter>
    </ClInclude>
    <ClInclude Include="ReEvaluation\ReEval_DoEvaluationDlg.h">
      <Filter>Header Files\ReEvaluation</Filter>
    </ClInclude>
    <ClInclude Include="ReEvaluation\ReEval_MiscSettingsDlg.h">
      <Filter>Header Files\ReEvaluation</Filter>
    </ClInclude>
    <ClInclude Include="ReEvaluation\ReEval_ScanDlg.h">
      <Filter>Header Files\ReEvaluation</Filter>
    </ClInclude>
    <ClInclude Include="ReEvaluation\ReEval_WindowDlg.h">
      <Filter>Header Files\ReEvaluation</Filter>
    </ClInclude>
    <ClInclude Include="ReEvaluation\ReEvaluationDlg.h">
      <Filter>Header Files\ReEvaluation</Filter>
    </ClInclude>
    <ClInclude Include="ReEvaluation\ReEvaluator.h">
      <Filter>Header Files\ReEvaluation</Filter>
    </ClInclude>
    <ClInclude Include="Configuration\WindConfigurationDlg.h">
      <Filter>Header Files\Wind</Filter>
    </ClInclude>
    <ClInclude Include="WindMeasurement\WindEvaluator.h">
      <Filter>Header Files\Wind</Filter>
    </ClInclude>
    <ClInclude Include="WindMeasurement\WindSpeedCalculator.h">
      <Filter>Header Files\Wind</Filter>
    </ClInclude>
    <ClInclude Include="WindMeasurement\WindSpeedMeasSettings.h">
      <Filter>Header Files\Wind</Filter>
    </ClInclude>
    <ClInclude Include="Graphs\DOASFitGraph.h">
      <Filter>Header Files\Graphs</Filter>
    </ClInclude>
    <ClInclude Include="Graphs\GraphCtrl.h">
      <Filter>Header Files\Graphs</Filter>
    </ClInclude>
    <ClInclude Include="Graphs\OScopeCtrl.h">
      <Filter>Header Files\Graphs</Filter>
    </ClInclude>
    <ClInclude Include="Dialogs\ReferencePlotDlg.h">
      <Filter>Header Files</Filter>
    </ClInclude>
    <ClInclude Include="Evaluation\EvaluationResultView.h">
      <Filter>Header Files\Evaluation</Filter>
    </ClInclude>
    <ClInclude Include="SpectralEvaluation\include\SpectralEvaluation\Evaluation\CrossSectionData.h">
      <Filter>Header Files\SpectralEvaluation\Evaluation</Filter>
    </ClInclude>
    <ClInclude Include="SpectralEvaluation\include\SpectralEvaluation\Evaluation\EvaluationBase.h">
      <Filter>Header Files\SpectralEvaluation\Evaluation</Filter>
    </ClInclude>
    <ClInclude Include="SpectralEvaluation\include\SpectralEvaluation\Evaluation\EvaluationResult.h">
      <Filter>Header Files\SpectralEvaluation\Evaluation</Filter>
    </ClInclude>
    <ClInclude Include="SpectralEvaluation\include\SpectralEvaluation\Evaluation\FitParameter.h">
      <Filter>Header Files\SpectralEvaluation\Evaluation</Filter>
    </ClInclude>
    <ClInclude Include="SpectralEvaluation\include\SpectralEvaluation\Evaluation\FitWindow.h">
      <Filter>Header Files\SpectralEvaluation\Evaluation</Filter>
    </ClInclude>
    <ClInclude Include="SpectralEvaluation\include\SpectralEvaluation\Evaluation\ReferenceFile.h">
      <Filter>Header Files\SpectralEvaluation\Evaluation</Filter>
    </ClInclude>
    <ClInclude Include="SpectralEvaluation\include\SpectralEvaluation\Evaluation\ReferenceFitResult.h">
      <Filter>Header Files\SpectralEvaluation\Evaluation</Filter>
    </ClInclude>
    <ClInclude Include="SpectralEvaluation\include\SpectralEvaluation\Configuration\DarkSettings.h">
      <Filter>Header Files\Configuration</Filter>
    </ClInclude>
    <ClInclude Include="SpectralEvaluation\include\SpectralEvaluation\Evaluation\ScanEvaluationBase.h">
      <Filter>Header Files\Evaluation</Filter>
    </ClInclude>
    <ClInclude Include="SpectralEvaluation\include\SpectralEvaluation\Fit\ApertureFunction.h">
      <Filter>Header Files\SpectralEvaluation\Fit</Filter>
    </ClInclude>
    <ClInclude Include="SpectralEvaluation\include\SpectralEvaluation\Fit\BandedMatrix.h">
      <Filter>Header Files\SpectralEvaluation\Fit</Filter>
    </ClInclude>
    <ClInclude Include="SpectralEvaluation\include\SpectralEvaluation\Fit\BSpline.h">
      <Filter>Header Files\SpectralEvaluation\Fit</Filter>
    </ClInclude>
    <ClInclude Include="SpectralEvaluation\include\SpectralEvaluation\Fit\BSplineD.h">
      <Filter>Header Files\SpectralEvaluation\Fit</Filter>
    </ClInclude>
    <ClInclude Include="SpectralEvaluation\include\SpectralEvaluation\Fit\BSplineF.h">
      <Filter>Header Files\SpectralEvaluation\Fit</Filter>
    </ClInclude>
    <ClInclude Include="SpectralEvaluation\include\SpectralEvaluation\Fit\BSplineImpl.h">
      <Filter>Header Files\SpectralEvaluation\Fit</Filter>
    </ClInclude>
    <ClInclude Include="SpectralEvaluation\include\SpectralEvaluation\Fit\ConstFunction.h">
      <Filter>Header Files\SpectralEvaluation\Fit</Filter>
    </ClInclude>
    <ClInclude Include="SpectralEvaluation\include\SpectralEvaluation\Fit\ConvoluteFunction.h">
      <Filter>Header Files\SpectralEvaluation\Fit</Filter>
    </ClInclude>
    <ClInclude Include="SpectralEvaluation\include\SpectralEvaluation\Fit\ConvolutionCoreFunction.h">
      <Filter>Header Files\SpectralEvaluation\Fit</Filter>
    </ClInclude>
    <ClInclude Include="SpectralEvaluation\include\SpectralEvaluation\Fit\CubicBSplineFunction.h">
      <Filter>Header Files\SpectralEvaluation\Fit</Filter>
    </ClInclude>
    <ClInclude Include="SpectralEvaluation\include\SpectralEvaluation\Fit\CubicSplineFunction.h">
      <Filter>Header Files\SpectralEvaluation\Fit</Filter>
    </ClInclude>
    <ClInclude Include="SpectralEvaluation\include\SpectralEvaluation\Fit\DataSet.h">
      <Filter>Header Files\SpectralEvaluation\Fit</Filter>
    </ClInclude>
    <ClInclude Include="SpectralEvaluation\include\SpectralEvaluation\Fit\DiscreteFunction.h">
      <Filter>Header Files\SpectralEvaluation\Fit</Filter>
    </ClInclude>
    <ClInclude Include="SpectralEvaluation\include\SpectralEvaluation\Fit\DivFunction.h">
      <Filter>Header Files\SpectralEvaluation\Fit</Filter>
    </ClInclude>
    <ClInclude Include="SpectralEvaluation\include\SpectralEvaluation\Fit\DOASVector.h">
      <Filter>Header Files\SpectralEvaluation\Fit</Filter>
    </ClInclude>
    <ClInclude Include="SpectralEvaluation\include\SpectralEvaluation\Fit\ExpFunction.h">
      <Filter>Header Files\SpectralEvaluation\Fit</Filter>
    </ClInclude>
    <ClInclude Include="SpectralEvaluation\include\SpectralEvaluation\Fit\Fit.h">
      <Filter>Header Files\SpectralEvaluation\Fit</Filter>
    </ClInclude>
    <ClInclude Include="SpectralEvaluation\include\SpectralEvaluation\Fit\FitBasic.h">
      <Filter>Header Files\SpectralEvaluation\Fit</Filter>
    </ClInclude>
    <ClInclude Include="SpectralEvaluation\include\SpectralEvaluation\Fit\FitException.h">
      <Filter>Header Files\SpectralEvaluation\Fit</Filter>
    </ClInclude>
    <ClInclude Include="SpectralEvaluation\include\SpectralEvaluation\Fit\Function.h">
      <Filter>Header Files\SpectralEvaluation\Fit</Filter>
    </ClInclude>
    <ClInclude Include="SpectralEvaluation\include\SpectralEvaluation\Fit\GaussFunction.h">
      <Filter>Header Files\SpectralEvaluation\Fit</Filter>
    </ClInclude>
    <ClInclude Include="SpectralEvaluation\include\SpectralEvaluation\Fit\LeastSquareFit.h">
      <Filter>Header Files\SpectralEvaluation\Fit</Filter>
    </ClInclude>
    <ClInclude Include="SpectralEvaluation\include\SpectralEvaluation\Fit\LevenbergMarquardtFit.h">
      <Filter>Header Files\SpectralEvaluation\Fit</Filter>
    </ClInclude>
    <ClInclude Include="SpectralEvaluation\include\SpectralEvaluation\Fit\LinearInterpolateFunction.h">
      <Filter>Header Files\SpectralEvaluation\Fit</Filter>
    </ClInclude>
    <ClInclude Include="SpectralEvaluation\include\SpectralEvaluation\Fit\LnFunction.h">
      <Filter>Header Files\SpectralEvaluation\Fit</Filter>
    </ClInclude>
    <ClInclude Include="SpectralEvaluation\include\SpectralEvaluation\Fit\Matrix.h">
      <Filter>Header Files\SpectralEvaluation\Fit</Filter>
    </ClInclude>
    <ClInclude Include="SpectralEvaluation\include\SpectralEvaluation\Fit\MessageLog.h">
      <Filter>Header Files\SpectralEvaluation\Fit</Filter>
    </ClInclude>
    <ClInclude Include="SpectralEvaluation\include\SpectralEvaluation\Fit\Minimizer.h">
      <Filter>Header Files\SpectralEvaluation\Fit</Filter>
    </ClInclude>
    <ClInclude Include="SpectralEvaluation\include\SpectralEvaluation\Fit\MulFunction.h">
      <Filter>Header Files\SpectralEvaluation\Fit</Filter>
    </ClInclude>
    <ClInclude Include="SpectralEvaluation\include\SpectralEvaluation\Fit\NegateFunction.h">
      <Filter>Header Files\SpectralEvaluation\Fit</Filter>
    </ClInclude>
    <ClInclude Include="SpectralEvaluation\include\SpectralEvaluation\Fit\NonlinearParameterFunction.h">
      <Filter>Header Files\SpectralEvaluation\Fit</Filter>
    </ClInclude>
    <ClInclude Include="SpectralEvaluation\include\SpectralEvaluation\Fit\ParameterLinkItem.h">
      <Filter>Header Files\SpectralEvaluation\Fit</Filter>
    </ClInclude>
    <ClInclude Include="SpectralEvaluation\include\SpectralEvaluation\Fit\ParameterVector.h">
      <Filter>Header Files\SpectralEvaluation\Fit</Filter>
    </ClInclude>
    <ClInclude Include="SpectralEvaluation\include\SpectralEvaluation\Fit\ParamFunction.h">
      <Filter>Header Files\SpectralEvaluation\Fit</Filter>
    </ClInclude>
    <ClInclude Include="SpectralEvaluation\include\SpectralEvaluation\Fit\PolynomialFunction.h">
      <Filter>Header Files\SpectralEvaluation\Fit</Filter>
    </ClInclude>
    <ClInclude Include="SpectralEvaluation\include\SpectralEvaluation\Fit\ReferenceSpectrumFunction.h">
      <Filter>Header Files\SpectralEvaluation\Fit</Filter>
    </ClInclude>
    <ClInclude Include="SpectralEvaluation\include\SpectralEvaluation\Fit\SimpleDOASFunction.h">
      <Filter>Header Files\SpectralEvaluation\Fit</Filter>
    </ClInclude>
    <ClInclude Include="SpectralEvaluation\include\SpectralEvaluation\Fit\StandardFit.h">
      <Filter>Header Files\SpectralEvaluation\Fit</Filter>
    </ClInclude>
    <ClInclude Include="SpectralEvaluation\include\SpectralEvaluation\Fit\StandardMetricFunction.h">
      <Filter>Header Files\SpectralEvaluation\Fit</Filter>
    </ClInclude>
    <ClInclude Include="SpectralEvaluation\include\SpectralEvaluation\Fit\StatisticVector.h">
      <Filter>Header Files\SpectralEvaluation\Fit</Filter>
    </ClInclude>
    <ClInclude Include="SpectralEvaluation\include\SpectralEvaluation\Fit\SumFunction.h">
      <Filter>Header Files\SpectralEvaluation\Fit</Filter>
    </ClInclude>
    <ClInclude Include="SpectralEvaluation\include\SpectralEvaluation\Fit\Vector.h">
      <Filter>Header Files\SpectralEvaluation\Fit</Filter>
    </ClInclude>
    <ClInclude Include="SpectralEvaluation\include\SpectralEvaluation\Flux\Flux.h">
      <Filter>Header Files\SpectralEvaluation\Flux</Filter>
    </ClInclude>
    <ClInclude Include="SpectralEvaluation\include\SpectralEvaluation\Flux\PlumeInScanProperty.h">
      <Filter>Header Files\SpectralEvaluation\Flux</Filter>
    </ClInclude>
    <ClInclude Include="SpectralEvaluation\include\SpectralEvaluation\DateTime.h">
      <Filter>Header Files\SpectralEvaluation\Spectra</Filter>
    </ClInclude>
    <ClInclude Include="SpectralEvaluation\include\SpectralEvaluation\GPSData.h">
      <Filter>Header Files\SpectralEvaluation\Spectra</Filter>
    </ClInclude>
    <ClInclude Include="SpectralEvaluation\include\SpectralEvaluation\VectorUtils.h">
      <Filter>Header Files\SpectralEvaluation</Filter>
    </ClInclude>
    <ClInclude Include="SpectralEvaluation\include\SpectralEvaluation\Spectra\SpectrometerModel.h">
      <Filter>Header Files\SpectralEvaluation\Spectra</Filter>
    </ClInclude>
    <ClInclude Include="SpectralEvaluation\include\SpectralEvaluation\Spectra\Spectrum.h">
      <Filter>Header Files\SpectralEvaluation\Spectra</Filter>
    </ClInclude>
    <ClInclude Include="SpectralEvaluation\include\SpectralEvaluation\Spectra\SpectrumInfo.h">
      <Filter>Header Files\SpectralEvaluation\Spectra</Filter>
    </ClInclude>
    <ClInclude Include="Dialogs\ColumnHistoryDlg.h">
      <Filter>Header Files\Dialogs</Filter>
    </ClInclude>
    <ClInclude Include="Dialogs\FluxHistoryDlg.h">
      <Filter>Header Files\Dialogs</Filter>
    </ClInclude>
    <ClInclude Include="SpectralEvaluation\include\SpectralEvaluation\Configuration\SkySettings.h">
      <Filter>Header Files\Configuration</Filter>
    </ClInclude>
    <ClInclude Include="communication\NodeControlInfo.h">
      <Filter>Header Files\Communication</Filter>
    </ClInclude>
    <ClInclude Include="communication\IFTPDataUpload.h">
      <Filter>Header Files\Communication</Filter>
    </ClInclude>
    <ClInclude Include="communication\SFTPCom.h">
      <Filter>Header Files\Communication</Filter>
    </ClInclude>
    <ClInclude Include="communication\LinkStatistics.h">
      <Filter>Header Files\Communication</Filter>
    </ClInclude>
    <ClInclude Include="communication\FileInfo.h">
      <Filter>Header Files\Communication</Filter>
    </ClInclude>
    <ClInclude Include="CustomSpectrometerModelDlg.h">
      <Filter>Header Files</Filter>
    </ClInclude>
    <ClInclude Include="SpectralEvaluation\include\SpectralEvaluation\Spectra\Scattering.h">
      <Filter>Header Files\SpectralEvaluation\Spectra</Filter>
    </ClInclude>
    <ClInclude Include="SpectralEvaluation\include\SpectralEvaluation\Spectra\WavelengthCalibration.h">
      <Filter>Header Files\SpectralEvaluation\Spectra</Filter>
    </ClInclude>
    <ClInclude Include="Meteorology\WindField.h">
      <Filter>Header Files\Meteorology</Filter>
    </ClInclude>
    <ClInclude Include="Meteorology\MeteorologySource.h">
      <Filter>Header Files\Meteorology</Filter>
    </ClInclude>
    <ClInclude Include="Meteorology\MeteorologicalData.h">
      <Filter>Header Files\Meteorology</Filter>
    </ClInclude>
    <ClInclude Include="File\WindFileReader.h">
      <Filter>Header Files\File</Filter>
    </ClInclude>
    <ClInclude Include="Meteorology\WindFieldDatabase.h">
      <Filter>Header Files\Meteorology</Filter>
    </ClInclude>
    <ClInclude Include="SpectralEvaluation\include\SpectralEvaluation\StringUtils.h">
      <Filter>Header Files\SpectralEvaluation</Filter>
    </ClInclude>
    <ClInclude Include="SpectralEvaluation\include\SpectralEvaluation\Interpolation.h">
      <Filter>Header Files\SpectralEvaluation</Filter>
    </ClInclude>
    <ClInclude Include="Meteorology\WindFieldInterpolation.h">
      <Filter>Header Files\Meteorology</Filter>
    </ClInclude>
    <ClInclude Include="Dialogs\MergeEvalLogDlg.h">
      <Filter>Header Files</Filter>
    </ClInclude>
    <ClInclude Include="File\FileMerger.h">
      <Filter>Header Files</Filter>
    </ClInclude>
    <ClInclude Include="SpectralEvaluation\include\SpectralEvaluation\File\MKPack.h">
      <Filter>Header Files\SpectralEvaluation\File</Filter>
    </ClInclude>
    <ClInclude Include="SpectralEvaluation\include\SpectralEvaluation\File\STDFile.h">
      <Filter>Header Files\SpectralEvaluation\File</Filter>
    </ClInclude>
    <ClInclude Include="SpectralEvaluation\include\SpectralEvaluation\File\TXTFile.h">
      <Filter>Header Files\SpectralEvaluation\File</Filter>
    </ClInclude>
    <ClInclude Include="SpectralEvaluation\include\SpectralEvaluation\File\File.h">
      <Filter>Header Files\SpectralEvaluation\File</Filter>
    </ClInclude>
    <ClInclude Include="SpectralEvaluation\include\SpectralEvaluation\File\ScanFileHandler.h">
      <Filter>Header Files\SpectralEvaluation\File</Filter>
    </ClInclude>
    <ClInclude Include="SpectralEvaluation\include\SpectralEvaluation\File\SpectrumIO.h">
      <Filter>Header Files\SpectralEvaluation\File</Filter>
    </ClInclude>
    <ClInclude Include="Dialogs\SpectrometerCalibrationDlg.h">
      <Filter>Header Files\Dialogs</Filter>
    </ClInclude>
    <ClInclude Include="Dialogs\CCalibratePixelToWavelengthDialog.h">
      <Filter>Header Files\Dialogs</Filter>
    </ClInclude>
    <ClInclude Include="Dialogs\CCalibrateReferencesDialog.h">
      <Filter>Header Files\Dialogs</Filter>
    </ClInclude>
    <ClInclude Include="SpectralEvaluation\include\SpectralEvaluation\Calibration\FraunhoferSpectrumGeneration.h">
      <Filter>Header Files\SpectralEvaluation\Calibration</Filter>
    </ClInclude>
    <ClInclude Include="SpectralEvaluation\include\SpectralEvaluation\Calibration\InstrumentLineShape.h">
      <Filter>Header Files\SpectralEvaluation\Calibration</Filter>
    </ClInclude>
    <ClInclude Include="SpectralEvaluation\include\SpectralEvaluation\Calibration\WavelengthCalibration.h">
      <Filter>Header Files\SpectralEvaluation\Calibration</Filter>
    </ClInclude>
    <ClInclude Include="SpectralEvaluation\include\SpectralEvaluation\Calibration\WavelengthCalibrationByRansac.h">
      <Filter>Header Files\SpectralEvaluation\Calibration</Filter>
    </ClInclude>
    <ClInclude Include="SpectralEvaluation\include\SpectralEvaluation\Math\FFT.h">
      <Filter>Header Files\SpectralEvaluation\Math</Filter>
    </ClInclude>
    <ClInclude Include="SpectralEvaluation\include\SpectralEvaluation\Math\FunctionFit.h">
      <Filter>Header Files\SpectralEvaluation\Math</Filter>
    </ClInclude>
    <ClInclude Include="SpectralEvaluation\include\SpectralEvaluation\Math\PolynomialFit.h">
      <Filter>Header Files\SpectralEvaluation\Math</Filter>
    </ClInclude>
    <ClInclude Include="Graphs\ScanGraph.h">
      <Filter>Header Files\Graphs</Filter>
    </ClInclude>
    <ClInclude Include="Graphs\SpectrumGraph.h">
      <Filter>Header Files\Graphs</Filter>
    </ClInclude>
    <ClInclude Include="SpectralEvaluation\include\SpectralEvaluation\Evaluation\BasicScanEvaluationResult.h">
      <Filter>Header Files\SpectralEvaluation\Evaluation</Filter>
    </ClInclude>
    <ClInclude Include="SpectralEvaluation\include\SpectralEvaluation\Flux\ScanFluxResult.h">
      <Filter>Header Files\SpectralEvaluation\Flux</Filter>
    </ClInclude>
    <ClInclude Include="Dialogs\CLogDialog.h">
      <Filter>Header Files</Filter>
    </ClInclude>
    <ClInclude Include="Dialogs\CCalibratePixelToWavelengthSetupDialog.h">
      <Filter>Header Files\Dialogs</Filter>
    </ClInclude>
    <ClInclude Include="Dialogs\OpenInstrumentCalibrationDialog.h">
      <Filter>Header Files\Dialogs</Filter>
    </ClInclude>
    <ClInclude Include="Dialogs\CCreateStandardReferencesDialog.h">
      <Filter>Header Files\Dialogs</Filter>
    </ClInclude>
    <ClInclude Include="Evaluation\RealTimeCalibration.h">
      <Filter>Header Files\Evaluation</Filter>
    </ClInclude>
    <ClInclude Include="SpectralEvaluation\include\SpectralEvaluation\DialogControllers\ReferenceCreationController.h">
      <Filter>Header Files\SpectralEvaluation\DialogControllers</Filter>
    </ClInclude>
    <ClInclude Include="SpectralEvaluation\include\SpectralEvaluation\DialogControllers\WavelengthCalibrationController.h">
      <Filter>Header Files\SpectralEvaluation\DialogControllers</Filter>
    </ClInclude>
    <ClInclude Include="Configuration\CCalibrationConfigurationDlg.h">
      <Filter>Header Files\Configuration</Filter>
    </ClInclude>
    <ClInclude Include="Dialogs\CRatioCalculationDlg.h">
      <Filter>Header Files\Dialogs</Filter>
    </ClInclude>
    <ClInclude Include="Dialogs\CRatioScanFilesDialog.h">
      <Filter>Header Files\Dialogs</Filter>
    </ClInclude>
    <ClInclude Include="Dialogs\CRatioSetupDialog.h">
      <Filter>Header Files\Dialogs</Filter>
    </ClInclude>
    <ClInclude Include="Dialogs\CRatioEvaluationDialog.h">
      <Filter>Header Files\Dialogs</Filter>
    </ClInclude>
    <ClInclude Include="SpectralEvaluation\include\SpectralEvaluation\DialogControllers\RatioCalculationController.h">
      <Filter>Header Files\SpectralEvaluation\DialogControllers</Filter>
    </ClInclude>
    <ClInclude Include="DlgControls\CGridListCtrlEx\CGridColumnTrait.h">
      <Filter>Header Files\DlgControls\CGridListCtrlEx</Filter>
    </ClInclude>
    <ClInclude Include="DlgControls\CGridListCtrlEx\CGridColumnTraitCombo.h">
      <Filter>Header Files\DlgControls\CGridListCtrlEx</Filter>
    </ClInclude>
    <ClInclude Include="DlgControls\CGridListCtrlEx\CGridColumnTraitDateTime.h">
      <Filter>Header Files\DlgControls\CGridListCtrlEx</Filter>
    </ClInclude>
    <ClInclude Include="DlgControls\CGridListCtrlEx\CGridColumnTraitEdit.h">
      <Filter>Header Files\DlgControls\CGridListCtrlEx</Filter>
    </ClInclude>
    <ClInclude Include="DlgControls\CGridListCtrlEx\CGridColumnTraitHyperLink.h">
      <Filter>Header Files\DlgControls\CGridListCtrlEx</Filter>
    </ClInclude>
    <ClInclude Include="DlgControls\CGridListCtrlEx\CGridColumnTraitImage.h">
      <Filter>Header Files\DlgControls\CGridListCtrlEx</Filter>
    </ClInclude>
    <ClInclude Include="DlgControls\CGridListCtrlEx\CGridColumnTraitMultilineEdit.h">
      <Filter>Header Files\DlgControls\CGridListCtrlEx</Filter>
    </ClInclude>
    <ClInclude Include="DlgControls\CGridListCtrlEx\CGridColumnTraitText.h">
      <Filter>Header Files\DlgControls\CGridListCtrlEx</Filter>
    </ClInclude>
    <ClInclude Include="DlgControls\CGridListCtrlEx\CGridColumnTraitVisitor.h">
      <Filter>Header Files\DlgControls\CGridListCtrlEx</Filter>
    </ClInclude>
    <ClInclude Include="DlgControls\CGridListCtrlEx\CGridListCtrlEx.h">
      <Filter>Header Files\DlgControls\CGridListCtrlEx</Filter>
    </ClInclude>
    <ClInclude Include="DlgControls\CGridListCtrlEx\CGridListCtrlGroups.h">
      <Filter>Header Files\DlgControls\CGridListCtrlEx</Filter>
    </ClInclude>
    <ClInclude Include="DlgControls\CGridListCtrlEx\CGridRowTrait.h">
      <Filter>Header Files\DlgControls\CGridListCtrlEx</Filter>
    </ClInclude>
    <ClInclude Include="DlgControls\CGridListCtrlEx\CGridRowTraitText.h">
      <Filter>Header Files\DlgControls\CGridListCtrlEx</Filter>
    </ClInclude>
    <ClInclude Include="DlgControls\CGridListCtrlEx\CGridRowTraitVisitor.h">
      <Filter>Header Files\DlgControls\CGridListCtrlEx</Filter>
    </ClInclude>
    <ClInclude Include="DlgControls\CGridListCtrlEx\CGridRowTraitXP.h">
      <Filter>Header Files\DlgControls\CGridListCtrlEx</Filter>
    </ClInclude>
    <ClInclude Include="DlgControls\CGridListCtrlEx\ViewConfigSection.h">
      <Filter>Header Files\DlgControls\CGridListCtrlEx</Filter>
    </ClInclude>
    <ClInclude Include="SpectralEvaluation\include\SpectralEvaluation\Evaluation\Ratio.h">
      <Filter>Header Files\SpectralEvaluation\Evaluation</Filter>
    </ClInclude>
    <ClInclude Include="SpectralEvaluation\include\SpectralEvaluation\Evaluation\RatioEvaluation.h">
      <Filter>Header Files\SpectralEvaluation\Evaluation</Filter>
    </ClInclude>
  </ItemGroup>
  <ItemGroup>
    <Image Include="res\NOVAClogo2.ico">
      <Filter>Resource Files</Filter>
    </Image>
    <Image Include="res\NovacLogo2.bmp">
      <Filter>Resource Files</Filter>
    </Image>
    <Image Include="res\NovacMasterProgram.ico">
      <Filter>Resource Files</Filter>
    </Image>
    <Image Include="res\NovacMasterProgramDoc.ico">
      <Filter>Resource Files</Filter>
    </Image>
    <Image Include="res\Toolbar.bmp">
      <Filter>Resource Files</Filter>
    </Image>
    <Image Include="res\battery.bmp">
      <Filter>Resource Files</Filter>
    </Image>
    <Image Include="res\bitmap1.bmp">
      <Filter>Resource Files</Filter>
    </Image>
    <Image Include="res\bitmap2.bmp">
      <Filter>Resource Files</Filter>
    </Image>
    <Image Include="res\bitmap3.bmp">
      <Filter>Resource Files</Filter>
    </Image>
    <Image Include="res\bmp00001.bmp">
      <Filter>Resource Files</Filter>
    </Image>
    <Image Include="res\datFile.bmp">
      <Filter>Resource Files</Filter>
    </Image>
    <Image Include="res\disk.bmp">
      <Filter>Resource Files</Filter>
    </Image>
    <Image Include="res\exeFile.bmp">
      <Filter>Resource Files</Filter>
    </Image>
    <Image Include="res\favicon.ico">
      <Filter>Resource Files</Filter>
    </Image>
    <Image Include="res\file.bmp">
      <Filter>Resource Files</Filter>
    </Image>
    <Image Include="res\folder.bmp">
      <Filter>Resource Files</Filter>
    </Image>
    <Image Include="res\green_li.bmp">
      <Filter>Resource Files</Filter>
    </Image>
    <Image Include="res\green_light.bmp">
      <Filter>Resource Files</Filter>
    </Image>
    <Image Include="res\novacLogo_small.ico">
      <Filter>Resource Files</Filter>
    </Image>
    <Image Include="res\novacico.ico">
      <Filter>Resource Files</Filter>
    </Image>
    <Image Include="res\pakFile.bmp">
      <Filter>Resource Files</Filter>
    </Image>
    <Image Include="res\red_light.bmp">
      <Filter>Resource Files</Filter>
    </Image>
    <Image Include="res\yellow_l.bmp">
      <Filter>Resource Files</Filter>
    </Image>
    <Image Include="res\yellow_light.bmp">
      <Filter>Resource Files</Filter>
    </Image>
  </ItemGroup>
  <ItemGroup>
    <Manifest Include="res\NovacMasterProgram.manifest">
      <Filter>Resource Files</Filter>
    </Manifest>
  </ItemGroup>
  <ItemGroup>
    <ResourceCompile Include="NovacMasterProgram.rc">
      <Filter>Resource Files</Filter>
    </ResourceCompile>
  </ItemGroup>
  <ItemGroup>
    <None Include="res\NovacMasterProgram.rc2">
      <Filter>Resource Files</Filter>
    </None>
    <None Include="DlgControls\CGridListCtrlEx\ReadMe.md">
      <Filter>Header Files\DlgControls\CGridListCtrlEx</Filter>
    </None>
  </ItemGroup>
</Project>